version: 1
checksums:
  c293239b7c568d2585a7b770a35ba464:
    common/loading: 82b4ea7ed1439094d7c4be13aaba9a66
    common/continue: 3cfba90b4600131e82fc4260c568d044
    common/skipForNow: b8bf7f2b6e67a523dc4ff5ce009cdb72
    common/poweredBy: 6b6f88e2fa5a1ecec6cebf813abaeebb
    common/copiedToClipboard: 6a3c394a9a51646bad2f72d7311b242d
    home/title: b4a9e3adbd84ede28d1add783adce25b
    home/sampleText: 0c4c2a68e166338c29e94590eddac6aa
    home/languageHint: fceda962862bf83c2d20ed59683d1ac7
    home/recording: 41da5c9c51f6434e77d87aede1712036
    home/sending: 313baf79716ca9d57de864eaac4a602a
    home/voiceSampleUploaded: 1892594213944c973569cdb16d5233cc
    home/startRecording: 1120c5e5a7a2675d0e7f8cd11afe6cd3
    home/stopRecording: a6e9fbaf4ebf2d78558608d78a79ab7b
    home/microphoneAccessDenied: 8a51fbf4c8e7a5b207e043b27dfc6238
    home/failedToSendAudio: 7cf41bd6d291f22932374c0ca2cb755b
    lobby/title: 318df820bbf9d41056ff5cff35246e99
    lobby/subtitle: 9e0244d941cbfb29f2aa05c75311008e
    lobby/createNewRoom: 1b9893ed6890545099b878ea939359fd
    lobby/creatingRoom: 71e44292a68730040bdb76fa226c52ea
    lobby/or: 0208d355f231c386b19390f0bea41b95
    lobby/enterRoomId: 52e8e002f5860b6fccd8f10d02960e60
    lobby/joinRoom: aaaba0948c7780f0a49ead78117810f4
    lobby/joining: 818bd3f4c202590c623d01ccefc83fa8
    lobby/failedToCreateRoom: ee8e7ba81f7d3535292d77dd02ff6766
    lobby/features/videoChat: bb2adabd7d5a2beb5adc7b4816b26065
    lobby/features/speechToText: 39db9785c075d89eeb205a7dd14ee95c
    lobby/features/aiTranslation: e65bd67323b805f267405c08e4fc412d
    room/title: 318df820bbf9d41056ff5cff35246e99
    room/roomLabel: c680200bbee2e8bec18abb667714493b
    room/copyRoomId: 57da55fa691416116ec6a0ae4bfafe27
    room/connectingToPeer: e89cc0ef88d506e32d322befa12680dc
    room/muteMicrophone: e9dcb91906b4bd885a18f6e2c7c0cd58
    room/unmuteMicrophone: 80fe714d3bf7121dec55894a5d07f519
    room/turnOffCamera: f71d3344b492c599cb2374f4307e3eef
    room/turnOnCamera: 7e6558775dbe40ff6838c6dbfc0b91ca
    room/stopTranscription: c5c6260f9ba1b461d9c212022148b5cf
    room/startTranscription: 946def2c09c2ac53e8f970c6c4368630
    room/leave: a1405917a45b02f3ce85085eb8dc1d6c
    room/shareRoomId: f71f73ffe9e5ea1ea2590b30710f5ad6
    room/joinInstructions: 0e1082aa498b0965a0ad95d2c3eb783c
    room/translationTip: 26c4003c0b9b68d33f70f4f00c8c9f92
    subtitle/original: 7e55782bdf7cb49f5616b326c003c278
    subtitle/listening: 9701d27ab0852f58d2bc017d48ed9bde
    subtitle/waitingForSpeech: 4f0111be6753cb0cbcfb1c47f9608c3d
    subtitle/translated: 5b9d805410310b726f12bacb06da44e3
    subtitle/translating: 602b092655724238f713953e906c9032
    subtitle/translationPlaceholder: 6107f2af579a7d6bb05fe9f8c4a1f62b
    controls/translateTo: c0785023327cc36294ce99d5a8177e3f
    voiceIndicator/error: 3c95bcb32c2104b99a46f5b3dd015248
    voiceIndicator/disconnected: d9d377835b64c098c5ac32efcebc093d
    voiceIndicator/paused: edb1f7b7219e1c9b7aa67159090d6991
    voiceIndicator/playing: 16f81f6fa30272abe5a769e4ddc62c86
    voiceIndicator/idle: b5a9a25b2db9538238bfa281a01a65f0
    voiceIndicator/resumeAudio: fbd752787433c382eaaea039818531ef
    voiceIndicator/pauseAudio: a18f2dcad1748fe33e5f8ab62bc49075
    voiceIndicator/unmuteVoice: eb193d098634ae30a458c0ba3615f999
    voiceIndicator/muteVoice: d5a40b5f003bd9dff9e74e70ddc69edd
    voiceIndicator/restartTranscription: ed58557fef87ecc5b5e1bfce614cd309
    voiceIndicator/generationTime: 00ef690a24458282d002cd6dca594827
    voiceIndicator/totalLatency: c326dc6220e20ae0531cb5bdef9aae41
    voiceIndicator/bufferSize: 1729200ee3611247d71f41a3f3ecaea0
    voiceIndicator/transcriptionLatency: f21d58307b5f907e173e71d504b1ac92
    voiceIndicator/lag: 546a9a97a36c90c664e5d8d28b0fa7dd
    metadata/title: c4b5a574c4c6b571f4092f03e692b2f0
    metadata/description: 31088a0c4e9b41ec991aff6fc1af66ca
